
Microsoft Visual Studio Solution File, Format Version 12.00
# Visual Studio Version 16
VisualStudioVersion = 16.0.31624.102
MinimumVisualStudioVersion = 10.0.40219.1
Project("{FAE04EC0-301F-11D3-BF4B-00C04F79EFBC}") = "Exam2_F21", "Exam2_F21\Exam2_F21.csproj", "{4BF7A791-DAB6-445B-9831-C8989C267B40}"
EndProject
Global
	GlobalSection(SolutionConfigurationPlatforms) = preSolution
		Debug|Any CPU = Debug|Any CPU
		Release|Any CPU = Release|Any CPU
	EndGlobalSection
	GlobalSection(ProjectConfigurationPlatforms) = postSolution
		{4BF7A791-DAB6-445B-9831-C8989C267B40}.Debug|Any CPU.ActiveCfg = Debug|Any CPU
		{4BF7A791-DAB6-445B-9831-C8989C267B40}.Debug|Any CPU.Build.0 = Debug|Any CPU
		{4BF7A791-DAB6-445B-9831-C8989C267B40}.Release|Any CPU.ActiveCfg = Release|Any CPU
		{4BF7A791-DAB6-445B-9831-C8989C267B40}.Release|Any CPU.Build.0 = Release|Any CPU
	EndGlobalSection
	GlobalSection(SolutionProperties) = preSolution
		HideSolutionNode = FALSE
	EndGlobalSection
	GlobalSection(ExtensibilityGlobals) = postSolution
		SolutionGuid = {B36DDBD1-CBCF-41ED-BC12-F043E41210B6}
	EndGlobalSection
EndGlobal
